
Microsoft Visual Studio Solution File, Format Version 12.00
# Visual Studio Version 17
VisualStudioVersion = 17.6.33723.286
MinimumVisualStudioVersion = 10.0.40219.1
Project("{2150E333-8FDC-42A3-9474-1A3956D46DE8}") = "src", "src", "{644977CB-D761-4953-84B1-BAC96AA8F82A}"
EndProject
Project("{2150E333-8FDC-42A3-9474-1A3956D46DE8}") = "Services", "Services", "{D41107AA-4EA7-4DF6-AB68-0078A805DCA6}"
EndProject
Project("{2150E333-8FDC-42A3-9474-1A3956D46DE8}") = "Common", "Common", "{B5A6B23B-E295-439E-88B6-AD386C5CAAA0}"
EndProject
Project("{9A19103F-16F7-4668-BE54-9A1E7A4F7556}") = "Common.Domain", "src\Common\Common.Domain\Common.Domain.csproj", "{16CC5775-5EFD-4487-8111-EEB8BCA49F94}"
EndProject
Project("{9A19103F-16F7-4668-BE54-9A1E7A4F7556}") = "Common.Application", "src\Common\Common.Application\Common.Application.csproj", "{E79E673D-299B-4C4B-B657-D764B375FEF0}"
EndProject
Project("{9A19103F-16F7-4668-BE54-9A1E7A4F7556}") = "Common.Infrastructure", "src\Common\Common.Infrastructure\Common.Infrastructure.csproj", "{DD005DF1-27C4-4591-828B-549D1C7DA7BB}"
EndProject
Project("{2150E333-8FDC-42A3-9474-1A3956D46DE8}") = "Strava", "Strava", "{AA761053-8CA4-4FEB-95D4-4D635A807CBD}"
EndProject
Project("{9A19103F-16F7-4668-BE54-9A1E7A4F7556}") = "Strava.Domain", "src\Services\Strava\Strava.Domain\Strava.Domain.csproj", "{E3AA83F2-74C2-47E7-92A5-38AECCB5994C}"
EndProject
Project("{9A19103F-16F7-4668-BE54-9A1E7A4F7556}") = "Strava.Application", "src\Services\Strava\Strava.Application\Strava.Application.csproj", "{8E6009B7-E343-41E5-8FAF-4CDAB8189D44}"
EndProject
Project("{9A19103F-16F7-4668-BE54-9A1E7A4F7556}") = "Strava.Infrastructure", "src\Services\Strava\Strava.Infrastructure\Strava.Infrastructure.csproj", "{A7D5FD20-3CBB-48D6-A9EC-97D66DDF8815}"
EndProject
Project("{9A19103F-16F7-4668-BE54-9A1E7A4F7556}") = "Strava.Contracts", "src\Services\Strava\Strava.Contracts\Strava.Contracts.csproj", "{E07C34B1-2B78-47E1-B71C-BB64F7584EF8}"
EndProject
Project("{9A19103F-16F7-4668-BE54-9A1E7A4F7556}") = "Strava.Api", "src\Services\Strava\Strava.Api\Strava.Api.csproj", "{8C509D00-9482-4684-B7DF-D9F1DB262650}"
EndProject
Project("{E53339B2-1760-4266-BCC7-CA923CBCF16C}") = "docker-compose", "docker-compose.dcproj", "{D1D3E782-6137-4AA6-872B-01A4D39985B8}"
EndProject
Project("{2150E333-8FDC-42A3-9474-1A3956D46DE8}") = "Athletes", "Athletes", "{710C2BE9-7EAC-495C-B8A7-FEDAD9BA1115}"
EndProject
Project("{FAE04EC0-301F-11D3-BF4B-00C04F79EFBC}") = "Athletes.Domain", "src\Services\Athletes\Athletes.Domain\Athletes.Domain.csproj", "{AC32D2DF-CF89-4EED-9AA5-06B764DD181C}"
EndProject
Project("{9A19103F-16F7-4668-BE54-9A1E7A4F7556}") = "Athletes.Application", "src\Services\Athletes\Athletes.Application\Athletes.Application.csproj", "{83416DF4-AC2C-4F7A-8406-F14713DD1D2E}"
EndProject
Project("{FAE04EC0-301F-11D3-BF4B-00C04F79EFBC}") = "Athletes.Infrastructure", "src\Services\Athletes\Athletes.Infrastructure\Athletes.Infrastructure.csproj", "{6874D8FB-C2E7-4CD1-8F95-930F7BF1CA24}"
EndProject
Global
	GlobalSection(SolutionConfigurationPlatforms) = preSolution
		Debug|Any CPU = Debug|Any CPU
		Release|Any CPU = Release|Any CPU
	EndGlobalSection
	GlobalSection(ProjectConfigurationPlatforms) = postSolution
		{16CC5775-5EFD-4487-8111-EEB8BCA49F94}.Debug|Any CPU.ActiveCfg = Debug|Any CPU
		{16CC5775-5EFD-4487-8111-EEB8BCA49F94}.Debug|Any CPU.Build.0 = Debug|Any CPU
		{16CC5775-5EFD-4487-8111-EEB8BCA49F94}.Release|Any CPU.ActiveCfg = Release|Any CPU
		{16CC5775-5EFD-4487-8111-EEB8BCA49F94}.Release|Any CPU.Build.0 = Release|Any CPU
		{E79E673D-299B-4C4B-B657-D764B375FEF0}.Debug|Any CPU.ActiveCfg = Debug|Any CPU
		{E79E673D-299B-4C4B-B657-D764B375FEF0}.Debug|Any CPU.Build.0 = Debug|Any CPU
		{E79E673D-299B-4C4B-B657-D764B375FEF0}.Release|Any CPU.ActiveCfg = Release|Any CPU
		{E79E673D-299B-4C4B-B657-D764B375FEF0}.Release|Any CPU.Build.0 = Release|Any CPU
		{DD005DF1-27C4-4591-828B-549D1C7DA7BB}.Debug|Any CPU.ActiveCfg = Debug|Any CPU
		{DD005DF1-27C4-4591-828B-549D1C7DA7BB}.Debug|Any CPU.Build.0 = Debug|Any CPU
		{DD005DF1-27C4-4591-828B-549D1C7DA7BB}.Release|Any CPU.ActiveCfg = Release|Any CPU
		{DD005DF1-27C4-4591-828B-549D1C7DA7BB}.Release|Any CPU.Build.0 = Release|Any CPU
		{E3AA83F2-74C2-47E7-92A5-38AECCB5994C}.Debug|Any CPU.ActiveCfg = Debug|Any CPU
		{E3AA83F2-74C2-47E7-92A5-38AECCB5994C}.Debug|Any CPU.Build.0 = Debug|Any CPU
		{E3AA83F2-74C2-47E7-92A5-38AECCB5994C}.Release|Any CPU.ActiveCfg = Release|Any CPU
		{E3AA83F2-74C2-47E7-92A5-38AECCB5994C}.Release|Any CPU.Build.0 = Release|Any CPU
		{8E6009B7-E343-41E5-8FAF-4CDAB8189D44}.Debug|Any CPU.ActiveCfg = Debug|Any CPU
		{8E6009B7-E343-41E5-8FAF-4CDAB8189D44}.Debug|Any CPU.Build.0 = Debug|Any CPU
		{8E6009B7-E343-41E5-8FAF-4CDAB8189D44}.Release|Any CPU.ActiveCfg = Release|Any CPU
		{8E6009B7-E343-41E5-8FAF-4CDAB8189D44}.Release|Any CPU.Build.0 = Release|Any CPU
		{A7D5FD20-3CBB-48D6-A9EC-97D66DDF8815}.Debug|Any CPU.ActiveCfg = Debug|Any CPU
		{A7D5FD20-3CBB-48D6-A9EC-97D66DDF8815}.Debug|Any CPU.Build.0 = Debug|Any CPU
		{A7D5FD20-3CBB-48D6-A9EC-97D66DDF8815}.Release|Any CPU.ActiveCfg = Release|Any CPU
		{A7D5FD20-3CBB-48D6-A9EC-97D66DDF8815}.Release|Any CPU.Build.0 = Release|Any CPU
		{E07C34B1-2B78-47E1-B71C-BB64F7584EF8}.Debug|Any CPU.ActiveCfg = Debug|Any CPU
		{E07C34B1-2B78-47E1-B71C-BB64F7584EF8}.Debug|Any CPU.Build.0 = Debug|Any CPU
		{E07C34B1-2B78-47E1-B71C-BB64F7584EF8}.Release|Any CPU.ActiveCfg = Release|Any CPU
		{E07C34B1-2B78-47E1-B71C-BB64F7584EF8}.Release|Any CPU.Build.0 = Release|Any CPU
		{8C509D00-9482-4684-B7DF-D9F1DB262650}.Debug|Any CPU.ActiveCfg = Debug|Any CPU
		{8C509D00-9482-4684-B7DF-D9F1DB262650}.Debug|Any CPU.Build.0 = Debug|Any CPU
		{8C509D00-9482-4684-B7DF-D9F1DB262650}.Release|Any CPU.ActiveCfg = Release|Any CPU
		{8C509D00-9482-4684-B7DF-D9F1DB262650}.Release|Any CPU.Build.0 = Release|Any CPU
		{D1D3E782-6137-4AA6-872B-01A4D39985B8}.Debug|Any CPU.ActiveCfg = Debug|Any CPU
		{D1D3E782-6137-4AA6-872B-01A4D39985B8}.Debug|Any CPU.Build.0 = Debug|Any CPU
		{D1D3E782-6137-4AA6-872B-01A4D39985B8}.Release|Any CPU.ActiveCfg = Release|Any CPU
		{D1D3E782-6137-4AA6-872B-01A4D39985B8}.Release|Any CPU.Build.0 = Release|Any CPU
		{AC32D2DF-CF89-4EED-9AA5-06B764DD181C}.Debug|Any CPU.ActiveCfg = Debug|Any CPU
		{AC32D2DF-CF89-4EED-9AA5-06B764DD181C}.Debug|Any CPU.Build.0 = Debug|Any CPU
		{AC32D2DF-CF89-4EED-9AA5-06B764DD181C}.Release|Any CPU.ActiveCfg = Release|Any CPU
		{AC32D2DF-CF89-4EED-9AA5-06B764DD181C}.Release|Any CPU.Build.0 = Release|Any CPU
		{83416DF4-AC2C-4F7A-8406-F14713DD1D2E}.Debug|Any CPU.ActiveCfg = Debug|Any CPU
		{83416DF4-AC2C-4F7A-8406-F14713DD1D2E}.Debug|Any CPU.Build.0 = Debug|Any CPU
		{83416DF4-AC2C-4F7A-8406-F14713DD1D2E}.Release|Any CPU.ActiveCfg = Release|Any CPU
		{83416DF4-AC2C-4F7A-8406-F14713DD1D2E}.Release|Any CPU.Build.0 = Release|Any CPU
		{6874D8FB-C2E7-4CD1-8F95-930F7BF1CA24}.Debug|Any CPU.ActiveCfg = Debug|Any CPU
		{6874D8FB-C2E7-4CD1-8F95-930F7BF1CA24}.Debug|Any CPU.Build.0 = Debug|Any CPU
		{6874D8FB-C2E7-4CD1-8F95-930F7BF1CA24}.Release|Any CPU.ActiveCfg = Release|Any CPU
		{6874D8FB-C2E7-4CD1-8F95-930F7BF1CA24}.Release|Any CPU.Build.0 = Release|Any CPU
	EndGlobalSection
	GlobalSection(SolutionProperties) = preSolution
		HideSolutionNode = FALSE
	EndGlobalSection
	GlobalSection(NestedProjects) = preSolution
		{D41107AA-4EA7-4DF6-AB68-0078A805DCA6} = {644977CB-D761-4953-84B1-BAC96AA8F82A}
		{B5A6B23B-E295-439E-88B6-AD386C5CAAA0} = {644977CB-D761-4953-84B1-BAC96AA8F82A}
		{16CC5775-5EFD-4487-8111-EEB8BCA49F94} = {B5A6B23B-E295-439E-88B6-AD386C5CAAA0}
		{E79E673D-299B-4C4B-B657-D764B375FEF0} = {B5A6B23B-E295-439E-88B6-AD386C5CAAA0}
		{DD005DF1-27C4-4591-828B-549D1C7DA7BB} = {B5A6B23B-E295-439E-88B6-AD386C5CAAA0}
		{AA761053-8CA4-4FEB-95D4-4D635A807CBD} = {D41107AA-4EA7-4DF6-AB68-0078A805DCA6}
		{E3AA83F2-74C2-47E7-92A5-38AECCB5994C} = {AA761053-8CA4-4FEB-95D4-4D635A807CBD}
		{8E6009B7-E343-41E5-8FAF-4CDAB8189D44} = {AA761053-8CA4-4FEB-95D4-4D635A807CBD}
		{A7D5FD20-3CBB-48D6-A9EC-97D66DDF8815} = {AA761053-8CA4-4FEB-95D4-4D635A807CBD}
		{E07C34B1-2B78-47E1-B71C-BB64F7584EF8} = {AA761053-8CA4-4FEB-95D4-4D635A807CBD}
		{8C509D00-9482-4684-B7DF-D9F1DB262650} = {AA761053-8CA4-4FEB-95D4-4D635A807CBD}
		{710C2BE9-7EAC-495C-B8A7-FEDAD9BA1115} = {D41107AA-4EA7-4DF6-AB68-0078A805DCA6}
		{AC32D2DF-CF89-4EED-9AA5-06B764DD181C} = {710C2BE9-7EAC-495C-B8A7-FEDAD9BA1115}
		{83416DF4-AC2C-4F7A-8406-F14713DD1D2E} = {710C2BE9-7EAC-495C-B8A7-FEDAD9BA1115}
		{6874D8FB-C2E7-4CD1-8F95-930F7BF1CA24} = {710C2BE9-7EAC-495C-B8A7-FEDAD9BA1115}
	EndGlobalSection
	GlobalSection(ExtensibilityGlobals) = postSolution
		SolutionGuid = {D3722679-F2EA-4213-837A-7BA48B497A6E}
	EndGlobalSection
EndGlobal
