
Microsoft Visual Studio Solution File, Format Version 12.00
# Visual Studio Version 17
VisualStudioVersion = 17.6.33723.286
MinimumVisualStudioVersion = 10.0.40219.1
Project("{2150E333-8FDC-42A3-9474-1A3956D46DE8}") = "src", "src", "{644977CB-D761-4953-84B1-BAC96AA8F82A}"
EndProject
Project("{2150E333-8FDC-42A3-9474-1A3956D46DE8}") = "Services", "Services", "{D41107AA-4EA7-4DF6-AB68-0078A805DCA6}"
EndProject
Project("{2150E333-8FDC-42A3-9474-1A3956D46DE8}") = "Common", "Common", "{B5A6B23B-E295-439E-88B6-AD386C5CAAA0}"
EndProject
Project("{9A19103F-16F7-4668-BE54-9A1E7A4F7556}") = "Common.Domain", "src\Common\Common.Domain\Common.Domain.csproj", "{16CC5775-5EFD-4487-8111-EEB8BCA49F94}"
EndProject
Project("{9A19103F-16F7-4668-BE54-9A1E7A4F7556}") = "Common.Application", "src\Common\Common.Application\Common.Application.csproj", "{E79E673D-299B-4C4B-B657-D764B375FEF0}"
EndProject
Project("{9A19103F-16F7-4668-BE54-9A1E7A4F7556}") = "Common.Infrastructure", "src\Common\Common.Infrastructure\Common.Infrastructure.csproj", "{DD005DF1-27C4-4591-828B-549D1C7DA7BB}"
EndProject
Project("{2150E333-8FDC-42A3-9474-1A3956D46DE8}") = "Strava", "Strava", "{AA761053-8CA4-4FEB-95D4-4D635A807CBD}"
EndProject
Project("{9A19103F-16F7-4668-BE54-9A1E7A4F7556}") = "Strava.Domain", "src\Services\Strava\Strava.Domain\Strava.Domain.csproj", "{E3AA83F2-74C2-47E7-92A5-38AECCB5994C}"
EndProject
Project("{9A19103F-16F7-4668-BE54-9A1E7A4F7556}") = "Strava.Application", "src\Services\Strava\Strava.Application\Strava.Application.csproj", "{8E6009B7-E343-41E5-8FAF-4CDAB8189D44}"
EndProject
Project("{9A19103F-16F7-4668-BE54-9A1E7A4F7556}") = "Strava.Infrastructure", "src\Services\Strava\Strava.Infrastructure\Strava.Infrastructure.csproj", "{A7D5FD20-3CBB-48D6-A9EC-97D66DDF8815}"
EndProject
Project("{9A19103F-16F7-4668-BE54-9A1E7A4F7556}") = "Strava.Contracts", "src\Services\Strava\Strava.Contracts\Strava.Contracts.csproj", "{E07C34B1-2B78-47E1-B71C-BB64F7584EF8}"
EndProject
Project("{9A19103F-16F7-4668-BE54-9A1E7A4F7556}") = "Strava.Api", "src\Services\Strava\Strava.Api\Strava.Api.csproj", "{8C509D00-9482-4684-B7DF-D9F1DB262650}"
EndProject
Project("{E53339B2-1760-4266-BCC7-CA923CBCF16C}") = "docker-compose", "docker-compose.dcproj", "{D1D3E782-6137-4AA6-872B-01A4D39985B8}"
EndProject
Project("{2150E333-8FDC-42A3-9474-1A3956D46DE8}") = "Athletes", "Athletes", "{710C2BE9-7EAC-495C-B8A7-FEDAD9BA1115}"
EndProject
Project("{9A19103F-16F7-4668-BE54-9A1E7A4F7556}") = "Athletes.Domain", "src\Services\Athletes\Athletes.Domain\Athletes.Domain.csproj", "{AC32D2DF-CF89-4EED-9AA5-06B764DD181C}"
EndProject
Project("{9A19103F-16F7-4668-BE54-9A1E7A4F7556}") = "Athletes.Application", "src\Services\Athletes\Athletes.Application\Athletes.Application.csproj", "{83416DF4-AC2C-4F7A-8406-F14713DD1D2E}"
EndProject
Project("{9A19103F-16F7-4668-BE54-9A1E7A4F7556}") = "Athletes.Infrastructure", "src\Services\Athletes\Athletes.Infrastructure\Athletes.Infrastructure.csproj", "{6874D8FB-C2E7-4CD1-8F95-930F7BF1CA24}"
EndProject
Project("{9A19103F-16F7-4668-BE54-9A1E7A4F7556}") = "Athletes.Api", "src\Services\Athletes\Athletes.Api\Athletes.Api.csproj", "{F49C5732-FEAF-40DC-B495-91EAC32FC345}"
EndProject
Project("{9A19103F-16F7-4668-BE54-9A1E7A4F7556}") = "Common.MessageBroker", "src\Common\Common.MessageBroker\Common.MessageBroker.csproj", "{8FA1B04C-C94A-458D-8288-8634D78E66B1}"
EndProject
Project("{2150E333-8FDC-42A3-9474-1A3956D46DE8}") = "Activities", "Activities", "{C31AAC43-FC37-44C0-8F57-D4F1EC2B7C6D}"
EndProject
Project("{9A19103F-16F7-4668-BE54-9A1E7A4F7556}") = "Activities.Domain", "src\Services\Activities\Activities.Domain\Activities.Domain.csproj", "{46AC3DE6-5919-4C0F-8258-2A0F6171CBA1}"
EndProject
Project("{9A19103F-16F7-4668-BE54-9A1E7A4F7556}") = "Activities.Infrastracture", "src\Services\Activities\Activities.Infrastracture\Activities.Infrastracture.csproj", "{F5D4A69C-A9F3-47C1-9C30-EF435BC9AC71}"
EndProject
Project("{9A19103F-16F7-4668-BE54-9A1E7A4F7556}") = "Activities.Application", "src\Services\Activities\Activities.Application\Activities.Application.csproj", "{121E5DBB-D4A7-4E69-983D-1DC30AAF55E1}"
EndProject
Project("{9A19103F-16F7-4668-BE54-9A1E7A4F7556}") = "Activities.Api", "src\Services\Activities\Activities.Api\Activities.Api.csproj", "{F2035CAE-E12C-4B29-9F94-B852F130F085}"
EndProject
Project("{2150E333-8FDC-42A3-9474-1A3956D46DE8}") = "Gateway", "Gateway", "{719D08B8-EBFA-4195-A77B-F335D31573BC}"
EndProject
Project("{9A19103F-16F7-4668-BE54-9A1E7A4F7556}") = "Gateway.Api", "src\Gateway\Gateway.Api\Gateway.Api.csproj", "{34EAF514-F907-4E84-A656-488C455F226A}"
EndProject
Project("{9A19103F-16F7-4668-BE54-9A1E7A4F7556}") = "Common.Api", "src\Common\Common.Api\Common.Api.csproj", "{F2E03CC3-EE0F-402B-A635-61F9C51B5F75}"
EndProject
Project("{2150E333-8FDC-42A3-9474-1A3956D46DE8}") = "Solution Items", "Solution Items", "{471697B9-F4C7-4867-8037-97DCD3A7F60C}"
	ProjectSection(SolutionItems) = preProject
		.env.example = .env.example
		.gitattributes = .gitattributes
		.gitignore = .gitignore
		README.md = README.md
	EndProjectSection
EndProject
Project("{2150E333-8FDC-42A3-9474-1A3956D46DE8}") = "docs", "docs", "{B8F896EA-B662-4264-8B3B-5B3B12E24715}"
EndProject
Project("{2150E333-8FDC-42A3-9474-1A3956D46DE8}") = "images", "images", "{865D03CE-1584-4007-93F5-1181FE7751B5}"
	ProjectSection(SolutionItems) = preProject
		docs\images\architecture.png = docs\images\architecture.png
	EndProjectSection
EndProject
Project("{2150E333-8FDC-42A3-9474-1A3956D46DE8}") = "Tiles", "Tiles", "{A2364B12-A599-420B-8414-1E27945F451A}"
EndProject
Project("{9A19103F-16F7-4668-BE54-9A1E7A4F7556}") = "Tiles.Domain", "src\Services\Tiles\Tiles.Domain\Tiles.Domain.csproj", "{BB0418B9-0500-4F33-AB16-D6770EE2E0A5}"
EndProject
Project("{9A19103F-16F7-4668-BE54-9A1E7A4F7556}") = "Tiles.Infrastructure", "src\Services\Tiles\Tiles.Infrastructure\Tiles.Infrastructure.csproj", "{D0E548D8-3D96-47E2-9F77-39B7375FECE4}"
EndProject
Project("{9A19103F-16F7-4668-BE54-9A1E7A4F7556}") = "Tiles.Application", "src\Services\Tiles\Tiles.Application\Tiles.Application.csproj", "{B23235CF-4F73-409F-9DEF-9B8E75B12FF6}"
EndProject
Project("{9A19103F-16F7-4668-BE54-9A1E7A4F7556}") = "Tiles.Api", "src\Services\Tiles\Tiles.Api\Tiles.Api.csproj", "{5EA880C9-CA21-4A0B-8A9E-F7229BAC3589}"
EndProject
Project("{2150E333-8FDC-42A3-9474-1A3956D46DE8}") = "tests", "tests", "{5871E170-3E36-4C04-8912-294ED531F29A}"
EndProject
Project("{2150E333-8FDC-42A3-9474-1A3956D46DE8}") = "Services", "Services", "{289F58E5-7755-426B-9CB7-3411A578374C}"
EndProject
Project("{2150E333-8FDC-42A3-9474-1A3956D46DE8}") = "Tiles", "Tiles", "{C30D1B8B-23DF-41DB-8D7A-314305911149}"
EndProject
Project("{9A19103F-16F7-4668-BE54-9A1E7A4F7556}") = "Tiles.Domain.Tests", "tests\Services\Tiles\Tiles.Domain.Tests\Tiles.Domain.Tests.csproj", "{1B931C43-1487-42D0-84FC-1B08CD8ACFBA}"
EndProject
Project("{9A19103F-16F7-4668-BE54-9A1E7A4F7556}") = "Tiles.Application.Tests", "tests\Services\Tiles\Tiles.Application.Tests\Tiles.Application.Tests.csproj", "{7C9AEF93-C64C-416C-AB6D-D064F761948D}"
EndProject
Project("{2150E333-8FDC-42A3-9474-1A3956D46DE8}") = "Activities", "Activities", "{E7B5EBFD-D173-4A5C-97EA-F1B2AEEEA02E}"
EndProject
Project("{9A19103F-16F7-4668-BE54-9A1E7A4F7556}") = "Activities.Domain.Tests", "tests\Services\Activities\Activities.Domain.Tests\Activities.Domain.Tests.csproj", "{957C6788-594F-4300-B78D-0E62A5FD112F}"
EndProject
Project("{9A19103F-16F7-4668-BE54-9A1E7A4F7556}") = "Activities.Application.Tests", "tests\Services\Activities\Activities.Application.Tests\Activities.Application.Tests.csproj", "{DB3458E5-96E7-4E34-9540-D5AE50C5A1FF}"
EndProject
Project("{2150E333-8FDC-42A3-9474-1A3956D46DE8}") = "Auth", "Auth", "{D9DBF525-7E7E-4BF7-A367-A7D2534E50B5}"
EndProject
Project("{9A19103F-16F7-4668-BE54-9A1E7A4F7556}") = "Auth.Api", "src\Services\Auth\Auth.Api\Auth.Api.csproj", "{EA611242-89C8-4609-9F59-0FE7228B5266}"
EndProject
Project("{9A19103F-16F7-4668-BE54-9A1E7A4F7556}") = "Auth.Infrastructure", "src\Services\Auth\Auth.Infrastructure\Auth.Infrastructure.csproj", "{1D1B802C-87BF-4D1D-9AF2-51EBE3AC51A0}"
EndProject
Project("{9A19103F-16F7-4668-BE54-9A1E7A4F7556}") = "Auth.Application", "src\Services\Auth\Auth.Application\Auth.Application.csproj", "{92AB2AD4-D9B4-43B4-BEDE-8065D07F0D17}"
EndProject
Project("{9A19103F-16F7-4668-BE54-9A1E7A4F7556}") = "Auth.Domain", "src\Services\Auth\Auth.Domain\Auth.Domain.csproj", "{1B6E978A-3702-4003-8C81-0E222AB23C8B}"
EndProject
Project("{2150E333-8FDC-42A3-9474-1A3956D46DE8}") = "Achievements", "Achievements", "{F5FD0606-AB4F-4B6F-9B58-0B40A0CDB555}"
EndProject
Project("{2150E333-8FDC-42A3-9474-1A3956D46DE8}") = "Achievements", "Achievements", "{02384182-0741-4F06-968E-BC87F4AD010C}"
EndProject
Project("{9A19103F-16F7-4668-BE54-9A1E7A4F7556}") = "Achievements.Domain", "src\Services\Achievements\Achievements.Domain\Achievements.Domain.csproj", "{B3BC4E4A-ACEF-4E34-9805-AC66808EB138}"
EndProject
Project("{FAE04EC0-301F-11D3-BF4B-00C04F79EFBC}") = "Common.Tests", "tests\Common.Tests\Common.Tests.csproj", "{0DCDD002-72F3-4C2E-A9EF-4C213C269877}"
EndProject
Project("{9A19103F-16F7-4668-BE54-9A1E7A4F7556}") = "Achievements.Domain.Tests", "tests\Services\Achievements\Achievements.Domain.Tests\Achievements.Domain.Tests.csproj", "{D3875D20-6CC4-4091-AB32-1FBD7A9849A3}"
EndProject
Global
	GlobalSection(SolutionConfigurationPlatforms) = preSolution
		Debug|Any CPU = Debug|Any CPU
		Release|Any CPU = Release|Any CPU
	EndGlobalSection
	GlobalSection(ProjectConfigurationPlatforms) = postSolution
		{16CC5775-5EFD-4487-8111-EEB8BCA49F94}.Debug|Any CPU.ActiveCfg = Debug|Any CPU
		{16CC5775-5EFD-4487-8111-EEB8BCA49F94}.Debug|Any CPU.Build.0 = Debug|Any CPU
		{16CC5775-5EFD-4487-8111-EEB8BCA49F94}.Release|Any CPU.ActiveCfg = Release|Any CPU
		{16CC5775-5EFD-4487-8111-EEB8BCA49F94}.Release|Any CPU.Build.0 = Release|Any CPU
		{E79E673D-299B-4C4B-B657-D764B375FEF0}.Debug|Any CPU.ActiveCfg = Debug|Any CPU
		{E79E673D-299B-4C4B-B657-D764B375FEF0}.Debug|Any CPU.Build.0 = Debug|Any CPU
		{E79E673D-299B-4C4B-B657-D764B375FEF0}.Release|Any CPU.ActiveCfg = Release|Any CPU
		{E79E673D-299B-4C4B-B657-D764B375FEF0}.Release|Any CPU.Build.0 = Release|Any CPU
		{DD005DF1-27C4-4591-828B-549D1C7DA7BB}.Debug|Any CPU.ActiveCfg = Debug|Any CPU
		{DD005DF1-27C4-4591-828B-549D1C7DA7BB}.Debug|Any CPU.Build.0 = Debug|Any CPU
		{DD005DF1-27C4-4591-828B-549D1C7DA7BB}.Release|Any CPU.ActiveCfg = Release|Any CPU
		{DD005DF1-27C4-4591-828B-549D1C7DA7BB}.Release|Any CPU.Build.0 = Release|Any CPU
		{E3AA83F2-74C2-47E7-92A5-38AECCB5994C}.Debug|Any CPU.ActiveCfg = Debug|Any CPU
		{E3AA83F2-74C2-47E7-92A5-38AECCB5994C}.Debug|Any CPU.Build.0 = Debug|Any CPU
		{E3AA83F2-74C2-47E7-92A5-38AECCB5994C}.Release|Any CPU.ActiveCfg = Release|Any CPU
		{E3AA83F2-74C2-47E7-92A5-38AECCB5994C}.Release|Any CPU.Build.0 = Release|Any CPU
		{8E6009B7-E343-41E5-8FAF-4CDAB8189D44}.Debug|Any CPU.ActiveCfg = Debug|Any CPU
		{8E6009B7-E343-41E5-8FAF-4CDAB8189D44}.Debug|Any CPU.Build.0 = Debug|Any CPU
		{8E6009B7-E343-41E5-8FAF-4CDAB8189D44}.Release|Any CPU.ActiveCfg = Release|Any CPU
		{8E6009B7-E343-41E5-8FAF-4CDAB8189D44}.Release|Any CPU.Build.0 = Release|Any CPU
		{A7D5FD20-3CBB-48D6-A9EC-97D66DDF8815}.Debug|Any CPU.ActiveCfg = Debug|Any CPU
		{A7D5FD20-3CBB-48D6-A9EC-97D66DDF8815}.Debug|Any CPU.Build.0 = Debug|Any CPU
		{A7D5FD20-3CBB-48D6-A9EC-97D66DDF8815}.Release|Any CPU.ActiveCfg = Release|Any CPU
		{A7D5FD20-3CBB-48D6-A9EC-97D66DDF8815}.Release|Any CPU.Build.0 = Release|Any CPU
		{E07C34B1-2B78-47E1-B71C-BB64F7584EF8}.Debug|Any CPU.ActiveCfg = Debug|Any CPU
		{E07C34B1-2B78-47E1-B71C-BB64F7584EF8}.Debug|Any CPU.Build.0 = Debug|Any CPU
		{E07C34B1-2B78-47E1-B71C-BB64F7584EF8}.Release|Any CPU.ActiveCfg = Release|Any CPU
		{E07C34B1-2B78-47E1-B71C-BB64F7584EF8}.Release|Any CPU.Build.0 = Release|Any CPU
		{8C509D00-9482-4684-B7DF-D9F1DB262650}.Debug|Any CPU.ActiveCfg = Debug|Any CPU
		{8C509D00-9482-4684-B7DF-D9F1DB262650}.Debug|Any CPU.Build.0 = Debug|Any CPU
		{8C509D00-9482-4684-B7DF-D9F1DB262650}.Release|Any CPU.ActiveCfg = Release|Any CPU
		{8C509D00-9482-4684-B7DF-D9F1DB262650}.Release|Any CPU.Build.0 = Release|Any CPU
		{D1D3E782-6137-4AA6-872B-01A4D39985B8}.Debug|Any CPU.ActiveCfg = Debug|Any CPU
		{D1D3E782-6137-4AA6-872B-01A4D39985B8}.Debug|Any CPU.Build.0 = Debug|Any CPU
		{D1D3E782-6137-4AA6-872B-01A4D39985B8}.Release|Any CPU.ActiveCfg = Release|Any CPU
		{D1D3E782-6137-4AA6-872B-01A4D39985B8}.Release|Any CPU.Build.0 = Release|Any CPU
		{AC32D2DF-CF89-4EED-9AA5-06B764DD181C}.Debug|Any CPU.ActiveCfg = Debug|Any CPU
		{AC32D2DF-CF89-4EED-9AA5-06B764DD181C}.Debug|Any CPU.Build.0 = Debug|Any CPU
		{AC32D2DF-CF89-4EED-9AA5-06B764DD181C}.Release|Any CPU.ActiveCfg = Release|Any CPU
		{AC32D2DF-CF89-4EED-9AA5-06B764DD181C}.Release|Any CPU.Build.0 = Release|Any CPU
		{83416DF4-AC2C-4F7A-8406-F14713DD1D2E}.Debug|Any CPU.ActiveCfg = Debug|Any CPU
		{83416DF4-AC2C-4F7A-8406-F14713DD1D2E}.Debug|Any CPU.Build.0 = Debug|Any CPU
		{83416DF4-AC2C-4F7A-8406-F14713DD1D2E}.Release|Any CPU.ActiveCfg = Release|Any CPU
		{83416DF4-AC2C-4F7A-8406-F14713DD1D2E}.Release|Any CPU.Build.0 = Release|Any CPU
		{6874D8FB-C2E7-4CD1-8F95-930F7BF1CA24}.Debug|Any CPU.ActiveCfg = Debug|Any CPU
		{6874D8FB-C2E7-4CD1-8F95-930F7BF1CA24}.Debug|Any CPU.Build.0 = Debug|Any CPU
		{6874D8FB-C2E7-4CD1-8F95-930F7BF1CA24}.Release|Any CPU.ActiveCfg = Release|Any CPU
		{6874D8FB-C2E7-4CD1-8F95-930F7BF1CA24}.Release|Any CPU.Build.0 = Release|Any CPU
		{F49C5732-FEAF-40DC-B495-91EAC32FC345}.Debug|Any CPU.ActiveCfg = Debug|Any CPU
		{F49C5732-FEAF-40DC-B495-91EAC32FC345}.Debug|Any CPU.Build.0 = Debug|Any CPU
		{F49C5732-FEAF-40DC-B495-91EAC32FC345}.Release|Any CPU.ActiveCfg = Release|Any CPU
		{F49C5732-FEAF-40DC-B495-91EAC32FC345}.Release|Any CPU.Build.0 = Release|Any CPU
		{8FA1B04C-C94A-458D-8288-8634D78E66B1}.Debug|Any CPU.ActiveCfg = Debug|Any CPU
		{8FA1B04C-C94A-458D-8288-8634D78E66B1}.Debug|Any CPU.Build.0 = Debug|Any CPU
		{8FA1B04C-C94A-458D-8288-8634D78E66B1}.Release|Any CPU.ActiveCfg = Release|Any CPU
		{8FA1B04C-C94A-458D-8288-8634D78E66B1}.Release|Any CPU.Build.0 = Release|Any CPU
		{46AC3DE6-5919-4C0F-8258-2A0F6171CBA1}.Debug|Any CPU.ActiveCfg = Debug|Any CPU
		{46AC3DE6-5919-4C0F-8258-2A0F6171CBA1}.Debug|Any CPU.Build.0 = Debug|Any CPU
		{46AC3DE6-5919-4C0F-8258-2A0F6171CBA1}.Release|Any CPU.ActiveCfg = Release|Any CPU
		{46AC3DE6-5919-4C0F-8258-2A0F6171CBA1}.Release|Any CPU.Build.0 = Release|Any CPU
		{F5D4A69C-A9F3-47C1-9C30-EF435BC9AC71}.Debug|Any CPU.ActiveCfg = Debug|Any CPU
		{F5D4A69C-A9F3-47C1-9C30-EF435BC9AC71}.Debug|Any CPU.Build.0 = Debug|Any CPU
		{F5D4A69C-A9F3-47C1-9C30-EF435BC9AC71}.Release|Any CPU.ActiveCfg = Release|Any CPU
		{F5D4A69C-A9F3-47C1-9C30-EF435BC9AC71}.Release|Any CPU.Build.0 = Release|Any CPU
		{121E5DBB-D4A7-4E69-983D-1DC30AAF55E1}.Debug|Any CPU.ActiveCfg = Debug|Any CPU
		{121E5DBB-D4A7-4E69-983D-1DC30AAF55E1}.Debug|Any CPU.Build.0 = Debug|Any CPU
		{121E5DBB-D4A7-4E69-983D-1DC30AAF55E1}.Release|Any CPU.ActiveCfg = Release|Any CPU
		{121E5DBB-D4A7-4E69-983D-1DC30AAF55E1}.Release|Any CPU.Build.0 = Release|Any CPU
		{F2035CAE-E12C-4B29-9F94-B852F130F085}.Debug|Any CPU.ActiveCfg = Debug|Any CPU
		{F2035CAE-E12C-4B29-9F94-B852F130F085}.Debug|Any CPU.Build.0 = Debug|Any CPU
		{F2035CAE-E12C-4B29-9F94-B852F130F085}.Release|Any CPU.ActiveCfg = Release|Any CPU
		{F2035CAE-E12C-4B29-9F94-B852F130F085}.Release|Any CPU.Build.0 = Release|Any CPU
		{34EAF514-F907-4E84-A656-488C455F226A}.Debug|Any CPU.ActiveCfg = Debug|Any CPU
		{34EAF514-F907-4E84-A656-488C455F226A}.Debug|Any CPU.Build.0 = Debug|Any CPU
		{34EAF514-F907-4E84-A656-488C455F226A}.Release|Any CPU.ActiveCfg = Release|Any CPU
		{34EAF514-F907-4E84-A656-488C455F226A}.Release|Any CPU.Build.0 = Release|Any CPU
		{F2E03CC3-EE0F-402B-A635-61F9C51B5F75}.Debug|Any CPU.ActiveCfg = Debug|Any CPU
		{F2E03CC3-EE0F-402B-A635-61F9C51B5F75}.Debug|Any CPU.Build.0 = Debug|Any CPU
		{F2E03CC3-EE0F-402B-A635-61F9C51B5F75}.Release|Any CPU.ActiveCfg = Release|Any CPU
		{F2E03CC3-EE0F-402B-A635-61F9C51B5F75}.Release|Any CPU.Build.0 = Release|Any CPU
		{BB0418B9-0500-4F33-AB16-D6770EE2E0A5}.Debug|Any CPU.ActiveCfg = Debug|Any CPU
		{BB0418B9-0500-4F33-AB16-D6770EE2E0A5}.Debug|Any CPU.Build.0 = Debug|Any CPU
		{BB0418B9-0500-4F33-AB16-D6770EE2E0A5}.Release|Any CPU.ActiveCfg = Release|Any CPU
		{BB0418B9-0500-4F33-AB16-D6770EE2E0A5}.Release|Any CPU.Build.0 = Release|Any CPU
		{D0E548D8-3D96-47E2-9F77-39B7375FECE4}.Debug|Any CPU.ActiveCfg = Debug|Any CPU
		{D0E548D8-3D96-47E2-9F77-39B7375FECE4}.Debug|Any CPU.Build.0 = Debug|Any CPU
		{D0E548D8-3D96-47E2-9F77-39B7375FECE4}.Release|Any CPU.ActiveCfg = Release|Any CPU
		{D0E548D8-3D96-47E2-9F77-39B7375FECE4}.Release|Any CPU.Build.0 = Release|Any CPU
		{B23235CF-4F73-409F-9DEF-9B8E75B12FF6}.Debug|Any CPU.ActiveCfg = Debug|Any CPU
		{B23235CF-4F73-409F-9DEF-9B8E75B12FF6}.Debug|Any CPU.Build.0 = Debug|Any CPU
		{B23235CF-4F73-409F-9DEF-9B8E75B12FF6}.Release|Any CPU.ActiveCfg = Release|Any CPU
		{B23235CF-4F73-409F-9DEF-9B8E75B12FF6}.Release|Any CPU.Build.0 = Release|Any CPU
		{5EA880C9-CA21-4A0B-8A9E-F7229BAC3589}.Debug|Any CPU.ActiveCfg = Debug|Any CPU
		{5EA880C9-CA21-4A0B-8A9E-F7229BAC3589}.Debug|Any CPU.Build.0 = Debug|Any CPU
		{5EA880C9-CA21-4A0B-8A9E-F7229BAC3589}.Release|Any CPU.ActiveCfg = Release|Any CPU
		{5EA880C9-CA21-4A0B-8A9E-F7229BAC3589}.Release|Any CPU.Build.0 = Release|Any CPU
		{1B931C43-1487-42D0-84FC-1B08CD8ACFBA}.Debug|Any CPU.ActiveCfg = Debug|Any CPU
		{1B931C43-1487-42D0-84FC-1B08CD8ACFBA}.Debug|Any CPU.Build.0 = Debug|Any CPU
		{1B931C43-1487-42D0-84FC-1B08CD8ACFBA}.Release|Any CPU.ActiveCfg = Release|Any CPU
		{1B931C43-1487-42D0-84FC-1B08CD8ACFBA}.Release|Any CPU.Build.0 = Release|Any CPU
		{7C9AEF93-C64C-416C-AB6D-D064F761948D}.Debug|Any CPU.ActiveCfg = Debug|Any CPU
		{7C9AEF93-C64C-416C-AB6D-D064F761948D}.Debug|Any CPU.Build.0 = Debug|Any CPU
		{7C9AEF93-C64C-416C-AB6D-D064F761948D}.Release|Any CPU.ActiveCfg = Release|Any CPU
		{7C9AEF93-C64C-416C-AB6D-D064F761948D}.Release|Any CPU.Build.0 = Release|Any CPU
		{957C6788-594F-4300-B78D-0E62A5FD112F}.Debug|Any CPU.ActiveCfg = Debug|Any CPU
		{957C6788-594F-4300-B78D-0E62A5FD112F}.Debug|Any CPU.Build.0 = Debug|Any CPU
		{957C6788-594F-4300-B78D-0E62A5FD112F}.Release|Any CPU.ActiveCfg = Release|Any CPU
		{957C6788-594F-4300-B78D-0E62A5FD112F}.Release|Any CPU.Build.0 = Release|Any CPU
		{DB3458E5-96E7-4E34-9540-D5AE50C5A1FF}.Debug|Any CPU.ActiveCfg = Debug|Any CPU
		{DB3458E5-96E7-4E34-9540-D5AE50C5A1FF}.Debug|Any CPU.Build.0 = Debug|Any CPU
		{DB3458E5-96E7-4E34-9540-D5AE50C5A1FF}.Release|Any CPU.ActiveCfg = Release|Any CPU
		{DB3458E5-96E7-4E34-9540-D5AE50C5A1FF}.Release|Any CPU.Build.0 = Release|Any CPU
		{EA611242-89C8-4609-9F59-0FE7228B5266}.Debug|Any CPU.ActiveCfg = Debug|Any CPU
		{EA611242-89C8-4609-9F59-0FE7228B5266}.Debug|Any CPU.Build.0 = Debug|Any CPU
		{EA611242-89C8-4609-9F59-0FE7228B5266}.Release|Any CPU.ActiveCfg = Release|Any CPU
		{EA611242-89C8-4609-9F59-0FE7228B5266}.Release|Any CPU.Build.0 = Release|Any CPU
		{1D1B802C-87BF-4D1D-9AF2-51EBE3AC51A0}.Debug|Any CPU.ActiveCfg = Debug|Any CPU
		{1D1B802C-87BF-4D1D-9AF2-51EBE3AC51A0}.Debug|Any CPU.Build.0 = Debug|Any CPU
		{1D1B802C-87BF-4D1D-9AF2-51EBE3AC51A0}.Release|Any CPU.ActiveCfg = Release|Any CPU
		{1D1B802C-87BF-4D1D-9AF2-51EBE3AC51A0}.Release|Any CPU.Build.0 = Release|Any CPU
		{92AB2AD4-D9B4-43B4-BEDE-8065D07F0D17}.Debug|Any CPU.ActiveCfg = Debug|Any CPU
		{92AB2AD4-D9B4-43B4-BEDE-8065D07F0D17}.Debug|Any CPU.Build.0 = Debug|Any CPU
		{92AB2AD4-D9B4-43B4-BEDE-8065D07F0D17}.Release|Any CPU.ActiveCfg = Release|Any CPU
		{92AB2AD4-D9B4-43B4-BEDE-8065D07F0D17}.Release|Any CPU.Build.0 = Release|Any CPU
		{1B6E978A-3702-4003-8C81-0E222AB23C8B}.Debug|Any CPU.ActiveCfg = Debug|Any CPU
		{1B6E978A-3702-4003-8C81-0E222AB23C8B}.Debug|Any CPU.Build.0 = Debug|Any CPU
		{1B6E978A-3702-4003-8C81-0E222AB23C8B}.Release|Any CPU.ActiveCfg = Release|Any CPU
		{1B6E978A-3702-4003-8C81-0E222AB23C8B}.Release|Any CPU.Build.0 = Release|Any CPU
		{B3BC4E4A-ACEF-4E34-9805-AC66808EB138}.Debug|Any CPU.ActiveCfg = Debug|Any CPU
		{B3BC4E4A-ACEF-4E34-9805-AC66808EB138}.Debug|Any CPU.Build.0 = Debug|Any CPU
		{B3BC4E4A-ACEF-4E34-9805-AC66808EB138}.Release|Any CPU.ActiveCfg = Release|Any CPU
		{B3BC4E4A-ACEF-4E34-9805-AC66808EB138}.Release|Any CPU.Build.0 = Release|Any CPU
		{0DCDD002-72F3-4C2E-A9EF-4C213C269877}.Debug|Any CPU.ActiveCfg = Debug|Any CPU
		{0DCDD002-72F3-4C2E-A9EF-4C213C269877}.Debug|Any CPU.Build.0 = Debug|Any CPU
		{0DCDD002-72F3-4C2E-A9EF-4C213C269877}.Release|Any CPU.ActiveCfg = Release|Any CPU
		{0DCDD002-72F3-4C2E-A9EF-4C213C269877}.Release|Any CPU.Build.0 = Release|Any CPU
		{D3875D20-6CC4-4091-AB32-1FBD7A9849A3}.Debug|Any CPU.ActiveCfg = Debug|Any CPU
		{D3875D20-6CC4-4091-AB32-1FBD7A9849A3}.Debug|Any CPU.Build.0 = Debug|Any CPU
		{D3875D20-6CC4-4091-AB32-1FBD7A9849A3}.Release|Any CPU.ActiveCfg = Release|Any CPU
		{D3875D20-6CC4-4091-AB32-1FBD7A9849A3}.Release|Any CPU.Build.0 = Release|Any CPU
	EndGlobalSection
	GlobalSection(SolutionProperties) = preSolution
		HideSolutionNode = FALSE
	EndGlobalSection
	GlobalSection(NestedProjects) = preSolution
		{D41107AA-4EA7-4DF6-AB68-0078A805DCA6} = {644977CB-D761-4953-84B1-BAC96AA8F82A}
		{B5A6B23B-E295-439E-88B6-AD386C5CAAA0} = {644977CB-D761-4953-84B1-BAC96AA8F82A}
		{16CC5775-5EFD-4487-8111-EEB8BCA49F94} = {B5A6B23B-E295-439E-88B6-AD386C5CAAA0}
		{E79E673D-299B-4C4B-B657-D764B375FEF0} = {B5A6B23B-E295-439E-88B6-AD386C5CAAA0}
		{DD005DF1-27C4-4591-828B-549D1C7DA7BB} = {B5A6B23B-E295-439E-88B6-AD386C5CAAA0}
		{AA761053-8CA4-4FEB-95D4-4D635A807CBD} = {D41107AA-4EA7-4DF6-AB68-0078A805DCA6}
		{E3AA83F2-74C2-47E7-92A5-38AECCB5994C} = {AA761053-8CA4-4FEB-95D4-4D635A807CBD}
		{8E6009B7-E343-41E5-8FAF-4CDAB8189D44} = {AA761053-8CA4-4FEB-95D4-4D635A807CBD}
		{A7D5FD20-3CBB-48D6-A9EC-97D66DDF8815} = {AA761053-8CA4-4FEB-95D4-4D635A807CBD}
		{E07C34B1-2B78-47E1-B71C-BB64F7584EF8} = {AA761053-8CA4-4FEB-95D4-4D635A807CBD}
		{8C509D00-9482-4684-B7DF-D9F1DB262650} = {AA761053-8CA4-4FEB-95D4-4D635A807CBD}
		{710C2BE9-7EAC-495C-B8A7-FEDAD9BA1115} = {D41107AA-4EA7-4DF6-AB68-0078A805DCA6}
		{AC32D2DF-CF89-4EED-9AA5-06B764DD181C} = {710C2BE9-7EAC-495C-B8A7-FEDAD9BA1115}
		{83416DF4-AC2C-4F7A-8406-F14713DD1D2E} = {710C2BE9-7EAC-495C-B8A7-FEDAD9BA1115}
		{6874D8FB-C2E7-4CD1-8F95-930F7BF1CA24} = {710C2BE9-7EAC-495C-B8A7-FEDAD9BA1115}
		{F49C5732-FEAF-40DC-B495-91EAC32FC345} = {710C2BE9-7EAC-495C-B8A7-FEDAD9BA1115}
		{8FA1B04C-C94A-458D-8288-8634D78E66B1} = {B5A6B23B-E295-439E-88B6-AD386C5CAAA0}
		{C31AAC43-FC37-44C0-8F57-D4F1EC2B7C6D} = {D41107AA-4EA7-4DF6-AB68-0078A805DCA6}
		{46AC3DE6-5919-4C0F-8258-2A0F6171CBA1} = {C31AAC43-FC37-44C0-8F57-D4F1EC2B7C6D}
		{F5D4A69C-A9F3-47C1-9C30-EF435BC9AC71} = {C31AAC43-FC37-44C0-8F57-D4F1EC2B7C6D}
		{121E5DBB-D4A7-4E69-983D-1DC30AAF55E1} = {C31AAC43-FC37-44C0-8F57-D4F1EC2B7C6D}
		{F2035CAE-E12C-4B29-9F94-B852F130F085} = {C31AAC43-FC37-44C0-8F57-D4F1EC2B7C6D}
		{719D08B8-EBFA-4195-A77B-F335D31573BC} = {644977CB-D761-4953-84B1-BAC96AA8F82A}
		{34EAF514-F907-4E84-A656-488C455F226A} = {719D08B8-EBFA-4195-A77B-F335D31573BC}
		{F2E03CC3-EE0F-402B-A635-61F9C51B5F75} = {B5A6B23B-E295-439E-88B6-AD386C5CAAA0}
		{B8F896EA-B662-4264-8B3B-5B3B12E24715} = {471697B9-F4C7-4867-8037-97DCD3A7F60C}
		{865D03CE-1584-4007-93F5-1181FE7751B5} = {B8F896EA-B662-4264-8B3B-5B3B12E24715}
		{A2364B12-A599-420B-8414-1E27945F451A} = {D41107AA-4EA7-4DF6-AB68-0078A805DCA6}
		{BB0418B9-0500-4F33-AB16-D6770EE2E0A5} = {A2364B12-A599-420B-8414-1E27945F451A}
		{D0E548D8-3D96-47E2-9F77-39B7375FECE4} = {A2364B12-A599-420B-8414-1E27945F451A}
		{B23235CF-4F73-409F-9DEF-9B8E75B12FF6} = {A2364B12-A599-420B-8414-1E27945F451A}
		{5EA880C9-CA21-4A0B-8A9E-F7229BAC3589} = {A2364B12-A599-420B-8414-1E27945F451A}
		{289F58E5-7755-426B-9CB7-3411A578374C} = {5871E170-3E36-4C04-8912-294ED531F29A}
		{C30D1B8B-23DF-41DB-8D7A-314305911149} = {289F58E5-7755-426B-9CB7-3411A578374C}
		{1B931C43-1487-42D0-84FC-1B08CD8ACFBA} = {C30D1B8B-23DF-41DB-8D7A-314305911149}
		{7C9AEF93-C64C-416C-AB6D-D064F761948D} = {C30D1B8B-23DF-41DB-8D7A-314305911149}
		{E7B5EBFD-D173-4A5C-97EA-F1B2AEEEA02E} = {289F58E5-7755-426B-9CB7-3411A578374C}
		{957C6788-594F-4300-B78D-0E62A5FD112F} = {E7B5EBFD-D173-4A5C-97EA-F1B2AEEEA02E}
		{DB3458E5-96E7-4E34-9540-D5AE50C5A1FF} = {E7B5EBFD-D173-4A5C-97EA-F1B2AEEEA02E}
		{D9DBF525-7E7E-4BF7-A367-A7D2534E50B5} = {D41107AA-4EA7-4DF6-AB68-0078A805DCA6}
		{EA611242-89C8-4609-9F59-0FE7228B5266} = {D9DBF525-7E7E-4BF7-A367-A7D2534E50B5}
		{1D1B802C-87BF-4D1D-9AF2-51EBE3AC51A0} = {D9DBF525-7E7E-4BF7-A367-A7D2534E50B5}
		{92AB2AD4-D9B4-43B4-BEDE-8065D07F0D17} = {D9DBF525-7E7E-4BF7-A367-A7D2534E50B5}
		{1B6E978A-3702-4003-8C81-0E222AB23C8B} = {D9DBF525-7E7E-4BF7-A367-A7D2534E50B5}
		{F5FD0606-AB4F-4B6F-9B58-0B40A0CDB555} = {D41107AA-4EA7-4DF6-AB68-0078A805DCA6}
		{02384182-0741-4F06-968E-BC87F4AD010C} = {289F58E5-7755-426B-9CB7-3411A578374C}
		{B3BC4E4A-ACEF-4E34-9805-AC66808EB138} = {F5FD0606-AB4F-4B6F-9B58-0B40A0CDB555}
		{0DCDD002-72F3-4C2E-A9EF-4C213C269877} = {5871E170-3E36-4C04-8912-294ED531F29A}
		{D3875D20-6CC4-4091-AB32-1FBD7A9849A3} = {02384182-0741-4F06-968E-BC87F4AD010C}
	EndGlobalSection
	GlobalSection(ExtensibilityGlobals) = postSolution
		SolutionGuid = {D3722679-F2EA-4213-837A-7BA48B497A6E}
	EndGlobalSection
EndGlobal
